// !$*UTF8*$!
{
	archiveVersion = 1;
	classes = {
	};
	objectVersion = 56;
	objects = {

/* Begin PBXBuildFile section */
		AB881FA02CD99B5100180856 /* ApiError.swift in Sources */ = {isa = PBXBuildFile; fileRef = AB881F9F2CD99B5100180856 /* ApiError.swift */; };
		AB881FA32CD9A13900180856 /* Double+Formatter.swift in Sources */ = {isa = PBXBuildFile; fileRef = AB881FA22CD9A13900180856 /* Double+Formatter.swift */; };
		AB881FA52CD9A9E100180856 /* Date+Formatter.swift in Sources */ = {isa = PBXBuildFile; fileRef = AB881FA42CD9A9E100180856 /* Date+Formatter.swift */; };
		AB881FA72CD9D3F800180856 /* AirPollution.swift in Sources */ = {isa = PBXBuildFile; fileRef = AB881FA62CD9D3F800180856 /* AirPollution.swift */; };
		AB881FA92CD9D4D700180856 /* DetailInfo.swift in Sources */ = {isa = PBXBuildFile; fileRef = AB881FA82CD9D4D700180856 /* DetailInfo.swift */; };
		AB881FAB2CD9D8BB00180856 /* DetailInfoCollectionViewCell.swift in Sources */ = {isa = PBXBuildFile; fileRef = AB881FAA2CD9D8BB00180856 /* DetailInfoCollectionViewCell.swift */; };
		ABF07D912CD843C70077254B /* AppDelegate.swift in Sources */ = {isa = PBXBuildFile; fileRef = ABF07D902CD843C70077254B /* AppDelegate.swift */; };
		ABF07D932CD843C70077254B /* SceneDelegate.swift in Sources */ = {isa = PBXBuildFile; fileRef = ABF07D922CD843C70077254B /* SceneDelegate.swift */; };
		ABF07D952CD843C70077254B /* ViewController.swift in Sources */ = {isa = PBXBuildFile; fileRef = ABF07D942CD843C70077254B /* ViewController.swift */; };
		ABF07D982CD843C70077254B /* Base in Resources */ = {isa = PBXBuildFile; fileRef = ABF07D972CD843C70077254B /* Base */; };
		ABF07D9A2CD843C80077254B /* Assets.xcassets in Resources */ = {isa = PBXBuildFile; fileRef = ABF07D992CD843C80077254B /* Assets.xcassets */; };
		ABF07D9D2CD843C80077254B /* Base in Resources */ = {isa = PBXBuildFile; fileRef = ABF07D9C2CD843C80077254B /* Base */; };
		ABF07DA62CD852F00077254B /* Common.swift in Sources */ = {isa = PBXBuildFile; fileRef = ABF07DA52CD852F00077254B /* Common.swift */; };
		ABF07DA92CD87B840077254B /* SummaryCollectionViewCell.swift in Sources */ = {isa = PBXBuildFile; fileRef = ABF07DA82CD87B840077254B /* SummaryCollectionViewCell.swift */; };
		ABF07DAB2CD87B9A0077254B /* ForecastCollectionViewCell.swift in Sources */ = {isa = PBXBuildFile; fileRef = ABF07DAA2CD87B9A0077254B /* ForecastCollectionViewCell.swift */; };
		ABF07DB02CD8AAA60077254B /* CurrentWeather.swift in Sources */ = {isa = PBXBuildFile; fileRef = ABF07DAF2CD8AAA60077254B /* CurrentWeather.swift */; };
		ABF07DB22CD8AAFA0077254B /* Forecast.swift in Sources */ = {isa = PBXBuildFile; fileRef = ABF07DB12CD8AAFA0077254B /* Forecast.swift */; };
		ABF07DB42CD8AB7E0077254B /* WeatherApi.swift in Sources */ = {isa = PBXBuildFile; fileRef = ABF07DB32CD8AB7E0077254B /* WeatherApi.swift */; };
/* End PBXBuildFile section */

/* Begin PBXFileReference section */
		AB881F9F2CD99B5100180856 /* ApiError.swift */ = {isa = PBXFileReference; lastKnownFileType = sourcecode.swift; path = ApiError.swift; sourceTree = "<group>"; };
		AB881FA22CD9A13900180856 /* Double+Formatter.swift */ = {isa = PBXFileReference; lastKnownFileType = sourcecode.swift; path = "Double+Formatter.swift"; sourceTree = "<group>"; };
		AB881FA42CD9A9E100180856 /* Date+Formatter.swift */ = {isa = PBXFileReference; lastKnownFileType = sourcecode.swift; path = "Date+Formatter.swift"; sourceTree = "<group>"; };
		AB881FA62CD9D3F800180856 /* AirPollution.swift */ = {isa = PBXFileReference; lastKnownFileType = sourcecode.swift; path = AirPollution.swift; sourceTree = "<group>"; };
		AB881FA82CD9D4D700180856 /* DetailInfo.swift */ = {isa = PBXFileReference; lastKnownFileType = sourcecode.swift; path = DetailInfo.swift; sourceTree = "<group>"; };
		AB881FAA2CD9D8BB00180856 /* DetailInfoCollectionViewCell.swift */ = {isa = PBXFileReference; lastKnownFileType = sourcecode.swift; path = DetailInfoCollectionViewCell.swift; sourceTree = "<group>"; };
		AB881FAC2CD9FC5800180856 /* HelloResultType.playground */ = {isa = PBXFileReference; lastKnownFileType = file.playground; path = HelloResultType.playground; sourceTree = "<group>"; xcLanguageSpecificationIdentifier = xcode.lang.swift; };
		ABF07D8D2CD843C70077254B /* ShinyDay.app */ = {isa = PBXFileReference; explicitFileType = wrapper.application; includeInIndex = 0; path = ShinyDay.app; sourceTree = BUILT_PRODUCTS_DIR; };
		ABF07D902CD843C70077254B /* AppDelegate.swift */ = {isa = PBXFileReference; lastKnownFileType = sourcecode.swift; path = AppDelegate.swift; sourceTree = "<group>"; };
		ABF07D922CD843C70077254B /* SceneDelegate.swift */ = {isa = PBXFileReference; lastKnownFileType = sourcecode.swift; path = SceneDelegate.swift; sourceTree = "<group>"; };
		ABF07D942CD843C70077254B /* ViewController.swift */ = {isa = PBXFileReference; lastKnownFileType = sourcecode.swift; path = ViewController.swift; sourceTree = "<group>"; };
		ABF07D972CD843C70077254B /* Base */ = {isa = PBXFileReference; lastKnownFileType = file.storyboard; name = Base; path = Base.lproj/Main.storyboard; sourceTree = "<group>"; };
		ABF07D992CD843C80077254B /* Assets.xcassets */ = {isa = PBXFileReference; lastKnownFileType = folder.assetcatalog; path = Assets.xcassets; sourceTree = "<group>"; };
		ABF07D9C2CD843C80077254B /* Base */ = {isa = PBXFileReference; lastKnownFileType = file.storyboard; name = Base; path = Base.lproj/LaunchScreen.storyboard; sourceTree = "<group>"; };
		ABF07D9E2CD843C80077254B /* Info.plist */ = {isa = PBXFileReference; lastKnownFileType = text.plist.xml; path = Info.plist; sourceTree = "<group>"; };
		ABF07DA52CD852F00077254B /* Common.swift */ = {isa = PBXFileReference; lastKnownFileType = sourcecode.swift; path = Common.swift; sourceTree = "<group>"; };
		ABF07DA82CD87B840077254B /* SummaryCollectionViewCell.swift */ = {isa = PBXFileReference; lastKnownFileType = sourcecode.swift; path = SummaryCollectionViewCell.swift; sourceTree = "<group>"; };
		ABF07DAA2CD87B9A0077254B /* ForecastCollectionViewCell.swift */ = {isa = PBXFileReference; lastKnownFileType = sourcecode.swift; path = ForecastCollectionViewCell.swift; sourceTree = "<group>"; };
		ABF07DAC2CD898530077254B /* CurrentWearherApi.playground */ = {isa = PBXFileReference; lastKnownFileType = file.playground; path = CurrentWearherApi.playground; sourceTree = "<group>"; xcLanguageSpecificationIdentifier = xcode.lang.swift; };
		ABF07DAD2CD8A82A0077254B /* ForecaseApi.playground */ = {isa = PBXFileReference; lastKnownFileType = file.playground; path = ForecaseApi.playground; sourceTree = "<group>"; xcLanguageSpecificationIdentifier = xcode.lang.swift; };
		ABF07DAF2CD8AAA60077254B /* CurrentWeather.swift */ = {isa = PBXFileReference; lastKnownFileType = sourcecode.swift; path = CurrentWeather.swift; sourceTree = "<group>"; };
		ABF07DB12CD8AAFA0077254B /* Forecast.swift */ = {isa = PBXFileReference; lastKnownFileType = sourcecode.swift; path = Forecast.swift; sourceTree = "<group>"; };
		ABF07DB32CD8AB7E0077254B /* WeatherApi.swift */ = {isa = PBXFileReference; lastKnownFileType = sourcecode.swift; path = WeatherApi.swift; sourceTree = "<group>"; };
/* End PBXFileReference section */

/* Begin PBXFrameworksBuildPhase section */
		ABF07D8A2CD843C70077254B /* Frameworks */ = {
			isa = PBXFrameworksBuildPhase;
			buildActionMask = 2147483647;
			files = (
			);
			runOnlyForDeploymentPostprocessing = 0;
		};
/* End PBXFrameworksBuildPhase section */

/* Begin PBXGroup section */
		AB881FA12CD9A12500180856 /* Formatter */ = {
			isa = PBXGroup;
			children = (
				AB881FA22CD9A13900180856 /* Double+Formatter.swift */,
				AB881FA42CD9A9E100180856 /* Date+Formatter.swift */,
			);
			path = Formatter;
			sourceTree = "<group>";
		};
		ABF07D842CD843C70077254B = {
			isa = PBXGroup;
			children = (
				ABF07D8F2CD843C70077254B /* ShinyDay */,
				ABF07D8E2CD843C70077254B /* Products */,
			);
			sourceTree = "<group>";
		};
		ABF07D8E2CD843C70077254B /* Products */ = {
			isa = PBXGroup;
			children = (
				ABF07D8D2CD843C70077254B /* ShinyDay.app */,
			);
			name = Products;
			sourceTree = "<group>";
		};
		ABF07D8F2CD843C70077254B /* ShinyDay */ = {
			isa = PBXGroup;
			children = (
				AB881FA12CD9A12500180856 /* Formatter */,
				ABF07DAE2CD8AA960077254B /* Model */,
				ABF07DA72CD87B6B0077254B /* Cell */,
				ABF07DA42CD852E10077254B /* Service */,
				ABF07D902CD843C70077254B /* AppDelegate.swift */,
				ABF07D922CD843C70077254B /* SceneDelegate.swift */,
				ABF07D942CD843C70077254B /* ViewController.swift */,
				ABF07D962CD843C70077254B /* Main.storyboard */,
				ABF07D992CD843C80077254B /* Assets.xcassets */,
				ABF07D9B2CD843C80077254B /* LaunchScreen.storyboard */,
				ABF07D9E2CD843C80077254B /* Info.plist */,
			);
			path = ShinyDay;
			sourceTree = "<group>";
		};
		ABF07DA42CD852E10077254B /* Service */ = {
			isa = PBXGroup;
			children = (
				ABF07DA52CD852F00077254B /* Common.swift */,
				ABF07DAC2CD898530077254B /* CurrentWearherApi.playground */,
				ABF07DAD2CD8A82A0077254B /* ForecaseApi.playground */,
				ABF07DB32CD8AB7E0077254B /* WeatherApi.swift */,
				AB881FAC2CD9FC5800180856 /* HelloResultType.playground */,
			);
			path = Service;
			sourceTree = "<group>";
		};
		ABF07DA72CD87B6B0077254B /* Cell */ = {
			isa = PBXGroup;
			children = (
				ABF07DA82CD87B840077254B /* SummaryCollectionViewCell.swift */,
				ABF07DAA2CD87B9A0077254B /* ForecastCollectionViewCell.swift */,
				AB881FAA2CD9D8BB00180856 /* DetailInfoCollectionViewCell.swift */,
			);
			path = Cell;
			sourceTree = "<group>";
		};
		ABF07DAE2CD8AA960077254B /* Model */ = {
			isa = PBXGroup;
			children = (
				ABF07DAF2CD8AAA60077254B /* CurrentWeather.swift */,
				ABF07DB12CD8AAFA0077254B /* Forecast.swift */,
				AB881F9F2CD99B5100180856 /* ApiError.swift */,
				AB881FA62CD9D3F800180856 /* AirPollution.swift */,
				AB881FA82CD9D4D700180856 /* DetailInfo.swift */,
			);
			path = Model;
			sourceTree = "<group>";
		};
/* End PBXGroup section */

/* Begin PBXNativeTarget section */
		ABF07D8C2CD843C70077254B /* ShinyDay */ = {
			isa = PBXNativeTarget;
			buildConfigurationList = ABF07DA12CD843C80077254B /* Build configuration list for PBXNativeTarget "ShinyDay" */;
			buildPhases = (
				ABF07D892CD843C70077254B /* Sources */,
				ABF07D8A2CD843C70077254B /* Frameworks */,
				ABF07D8B2CD843C70077254B /* Resources */,
			);
			buildRules = (
			);
			dependencies = (
			);
			name = ShinyDay;
			productName = ShinyDay;
			productReference = ABF07D8D2CD843C70077254B /* ShinyDay.app */;
			productType = "com.apple.product-type.application";
		};
/* End PBXNativeTarget section */

/* Begin PBXProject section */
		ABF07D852CD843C70077254B /* Project object */ = {
			isa = PBXProject;
			attributes = {
				BuildIndependentTargetsInParallel = 1;
				LastSwiftUpdateCheck = 1540;
				LastUpgradeCheck = 1540;
				TargetAttributes = {
					ABF07D8C2CD843C70077254B = {
						CreatedOnToolsVersion = 15.4;
					};
				};
			};
			buildConfigurationList = ABF07D882CD843C70077254B /* Build configuration list for PBXProject "ShinyDay" */;
			compatibilityVersion = "Xcode 14.0";
			developmentRegion = en;
			hasScannedForEncodings = 0;
			knownRegions = (
				en,
				Base,
			);
			mainGroup = ABF07D842CD843C70077254B;
			productRefGroup = ABF07D8E2CD843C70077254B /* Products */;
			projectDirPath = "";
			projectRoot = "";
			targets = (
				ABF07D8C2CD843C70077254B /* ShinyDay */,
			);
		};
/* End PBXProject section */

/* Begin PBXResourcesBuildPhase section */
		ABF07D8B2CD843C70077254B /* Resources */ = {
			isa = PBXResourcesBuildPhase;
			buildActionMask = 2147483647;
			files = (
				ABF07D9A2CD843C80077254B /* Assets.xcassets in Resources */,
				ABF07D9D2CD843C80077254B /* Base in Resources */,
				ABF07D982CD843C70077254B /* Base in Resources */,
			);
			runOnlyForDeploymentPostprocessing = 0;
		};
/* End PBXResourcesBuildPhase section */

/* Begin PBXSourcesBuildPhase section */
		ABF07D892CD843C70077254B /* Sources */ = {
			isa = PBXSourcesBuildPhase;
			buildActionMask = 2147483647;
			files = (
				AB881FAB2CD9D8BB00180856 /* DetailInfoCollectionViewCell.swift in Sources */,
				AB881FA92CD9D4D700180856 /* DetailInfo.swift in Sources */,
				ABF07DA62CD852F00077254B /* Common.swift in Sources */,
				ABF07DB22CD8AAFA0077254B /* Forecast.swift in Sources */,
				ABF07DA92CD87B840077254B /* SummaryCollectionViewCell.swift in Sources */,
				AB881FA32CD9A13900180856 /* Double+Formatter.swift in Sources */,
				AB881FA52CD9A9E100180856 /* Date+Formatter.swift in Sources */,
				AB881FA02CD99B5100180856 /* ApiError.swift in Sources */,
				ABF07DAB2CD87B9A0077254B /* ForecastCollectionViewCell.swift in Sources */,
				AB881FA72CD9D3F800180856 /* AirPollution.swift in Sources */,
				ABF07DB02CD8AAA60077254B /* CurrentWeather.swift in Sources */,
				ABF07D952CD843C70077254B /* ViewController.swift in Sources */,
				ABF07D912CD843C70077254B /* AppDelegate.swift in Sources */,
				ABF07D932CD843C70077254B /* SceneDelegate.swift in Sources */,
				ABF07DB42CD8AB7E0077254B /* WeatherApi.swift in Sources */,
			);
			runOnlyForDeploymentPostprocessing = 0;
		};
/* End PBXSourcesBuildPhase section */

/* Begin PBXVariantGroup section */
		ABF07D962CD843C70077254B /* Main.storyboard */ = {
			isa = PBXVariantGroup;
			children = (
				ABF07D972CD843C70077254B /* Base */,
			);
			name = Main.storyboard;
			sourceTree = "<group>";
		};
		ABF07D9B2CD843C80077254B /* LaunchScreen.storyboard */ = {
			isa = PBXVariantGroup;
			children = (
				ABF07D9C2CD843C80077254B /* Base */,
			);
			name = LaunchScreen.storyboard;
			sourceTree = "<group>";
		};
/* End PBXVariantGroup section */

/* Begin XCBuildConfiguration section */
		ABF07D9F2CD843C80077254B /* Debug */ = {
			isa = XCBuildConfiguration;
			buildSettings = {
				ALWAYS_SEARCH_USER_PATHS = NO;
				ASSETCATALOG_COMPILER_GENERATE_SWIFT_ASSET_SYMBOL_EXTENSIONS = YES;
				CLANG_ANALYZER_NONNULL = YES;
				CLANG_ANALYZER_NUMBER_OBJECT_CONVERSION = YES_AGGRESSIVE;
				CLANG_CXX_LANGUAGE_STANDARD = "gnu++20";
				CLANG_ENABLE_MODULES = YES;
				CLANG_ENABLE_OBJC_ARC = YES;
				CLANG_ENABLE_OBJC_WEAK = YES;
				CLANG_WARN_BLOCK_CAPTURE_AUTORELEASING = YES;
				CLANG_WARN_BOOL_CONVERSION = YES;
				CLANG_WARN_COMMA = YES;
				CLANG_WARN_CONSTANT_CONVERSION = YES;
				CLANG_WARN_DEPRECATED_OBJC_IMPLEMENTATIONS = YES;
				CLANG_WARN_DIRECT_OBJC_ISA_USAGE = YES_ERROR;
				CLANG_WARN_DOCUMENTATION_COMMENTS = YES;
				CLANG_WARN_EMPTY_BODY = YES;
				CLANG_WARN_ENUM_CONVERSION = YES;
				CLANG_WARN_INFINITE_RECURSION = YES;
				CLANG_WARN_INT_CONVERSION = YES;
				CLANG_WARN_NON_LITERAL_NULL_CONVERSION = YES;
				CLANG_WARN_OBJC_IMPLICIT_RETAIN_SELF = YES;
				CLANG_WARN_OBJC_LITERAL_CONVERSION = YES;
				CLANG_WARN_OBJC_ROOT_CLASS = YES_ERROR;
				CLANG_WARN_QUOTED_INCLUDE_IN_FRAMEWORK_HEADER = YES;
				CLANG_WARN_RANGE_LOOP_ANALYSIS = YES;
				CLANG_WARN_STRICT_PROTOTYPES = YES;
				CLANG_WARN_SUSPICIOUS_MOVE = YES;
				CLANG_WARN_UNGUARDED_AVAILABILITY = YES_AGGRESSIVE;
				CLANG_WARN_UNREACHABLE_CODE = YES;
				CLANG_WARN__DUPLICATE_METHOD_MATCH = YES;
				COPY_PHASE_STRIP = NO;
				DEBUG_INFORMATION_FORMAT = dwarf;
				ENABLE_STRICT_OBJC_MSGSEND = YES;
				ENABLE_TESTABILITY = YES;
				ENABLE_USER_SCRIPT_SANDBOXING = YES;
				GCC_C_LANGUAGE_STANDARD = gnu17;
				GCC_DYNAMIC_NO_PIC = NO;
				GCC_NO_COMMON_BLOCKS = YES;
				GCC_OPTIMIZATION_LEVEL = 0;
				GCC_PREPROCESSOR_DEFINITIONS = (
					"DEBUG=1",
					"$(inherited)",
				);
				GCC_WARN_64_TO_32_BIT_CONVERSION = YES;
				GCC_WARN_ABOUT_RETURN_TYPE = YES_ERROR;
				GCC_WARN_UNDECLARED_SELECTOR = YES;
				GCC_WARN_UNINITIALIZED_AUTOS = YES_AGGRESSIVE;
				GCC_WARN_UNUSED_FUNCTION = YES;
				GCC_WARN_UNUSED_VARIABLE = YES;
				IPHONEOS_DEPLOYMENT_TARGET = 17.5;
				LOCALIZATION_PREFERS_STRING_CATALOGS = YES;
				MTL_ENABLE_DEBUG_INFO = INCLUDE_SOURCE;
				MTL_FAST_MATH = YES;
				ONLY_ACTIVE_ARCH = YES;
				SDKROOT = iphoneos;
				SWIFT_ACTIVE_COMPILATION_CONDITIONS = "DEBUG $(inherited)";
				SWIFT_OPTIMIZATION_LEVEL = "-Onone";
			};
			name = Debug;
		};
		ABF07DA02CD843C80077254B /* Release */ = {
			isa = XCBuildConfiguration;
			buildSettings = {
				ALWAYS_SEARCH_USER_PATHS = NO;
				ASSETCATALOG_COMPILER_GENERATE_SWIFT_ASSET_SYMBOL_EXTENSIONS = YES;
				CLANG_ANALYZER_NONNULL = YES;
				CLANG_ANALYZER_NUMBER_OBJECT_CONVERSION = YES_AGGRESSIVE;
				CLANG_CXX_LANGUAGE_STANDARD = "gnu++20";
				CLANG_ENABLE_MODULES = YES;
				CLANG_ENABLE_OBJC_ARC = YES;
				CLANG_ENABLE_OBJC_WEAK = YES;
				CLANG_WARN_BLOCK_CAPTURE_AUTORELEASING = YES;
				CLANG_WARN_BOOL_CONVERSION = YES;
				CLANG_WARN_COMMA = YES;
				CLANG_WARN_CONSTANT_CONVERSION = YES;
				CLANG_WARN_DEPRECATED_OBJC_IMPLEMENTATIONS = YES;
				CLANG_WARN_DIRECT_OBJC_ISA_USAGE = YES_ERROR;
				CLANG_WARN_DOCUMENTATION_COMMENTS = YES;
				CLANG_WARN_EMPTY_BODY = YES;
				CLANG_WARN_ENUM_CONVERSION = YES;
				CLANG_WARN_INFINITE_RECURSION = YES;
				CLANG_WARN_INT_CONVERSION = YES;
				CLANG_WARN_NON_LITERAL_NULL_CONVERSION = YES;
				CLANG_WARN_OBJC_IMPLICIT_RETAIN_SELF = YES;
				CLANG_WARN_OBJC_LITERAL_CONVERSION = YES;
				CLANG_WARN_OBJC_ROOT_CLASS = YES_ERROR;
				CLANG_WARN_QUOTED_INCLUDE_IN_FRAMEWORK_HEADER = YES;
				CLANG_WARN_RANGE_LOOP_ANALYSIS = YES;
				CLANG_WARN_STRICT_PROTOTYPES = YES;
				CLANG_WARN_SUSPICIOUS_MOVE = YES;
				CLANG_WARN_UNGUARDED_AVAILABILITY = YES_AGGRESSIVE;
				CLANG_WARN_UNREACHABLE_CODE = YES;
				CLANG_WARN__DUPLICATE_METHOD_MATCH = YES;
				COPY_PHASE_STRIP = NO;
				DEBUG_INFORMATION_FORMAT = "dwarf-with-dsym";
				ENABLE_NS_ASSERTIONS = NO;
				ENABLE_STRICT_OBJC_MSGSEND = YES;
				ENABLE_USER_SCRIPT_SANDBOXING = YES;
				GCC_C_LANGUAGE_STANDARD = gnu17;
				GCC_NO_COMMON_BLOCKS = YES;
				GCC_WARN_64_TO_32_BIT_CONVERSION = YES;
				GCC_WARN_ABOUT_RETURN_TYPE = YES_ERROR;
				GCC_WARN_UNDECLARED_SELECTOR = YES;
				GCC_WARN_UNINITIALIZED_AUTOS = YES_AGGRESSIVE;
				GCC_WARN_UNUSED_FUNCTION = YES;
				GCC_WARN_UNUSED_VARIABLE = YES;
				IPHONEOS_DEPLOYMENT_TARGET = 17.5;
				LOCALIZATION_PREFERS_STRING_CATALOGS = YES;
				MTL_ENABLE_DEBUG_INFO = NO;
				MTL_FAST_MATH = YES;
				SDKROOT = iphoneos;
				SWIFT_COMPILATION_MODE = wholemodule;
				VALIDATE_PRODUCT = YES;
			};
			name = Release;
		};
		ABF07DA22CD843C80077254B /* Debug */ = {
			isa = XCBuildConfiguration;
			buildSettings = {
				ASSETCATALOG_COMPILER_APPICON_NAME = AppIcon;
				ASSETCATALOG_COMPILER_GLOBAL_ACCENT_COLOR_NAME = AccentColor;
				CODE_SIGN_STYLE = Automatic;
				CURRENT_PROJECT_VERSION = 1;
				DEVELOPMENT_TEAM = 5KB7H88BWW;
				GENERATE_INFOPLIST_FILE = YES;
				INFOPLIST_FILE = ShinyDay/Info.plist;
				INFOPLIST_KEY_UIApplicationSupportsIndirectInputEvents = YES;
				INFOPLIST_KEY_UILaunchStoryboardName = LaunchScreen;
				INFOPLIST_KEY_UIMainStoryboardFile = Main;
				INFOPLIST_KEY_UIStatusBarStyle = UIStatusBarStyleLightContent;
				INFOPLIST_KEY_UISupportedInterfaceOrientations_iPad = "UIInterfaceOrientationPortrait UIInterfaceOrientationPortraitUpsideDown UIInterfaceOrientationLandscapeLeft UIInterfaceOrientationLandscapeRight";
				INFOPLIST_KEY_UISupportedInterfaceOrientations_iPhone = "UIInterfaceOrientationPortrait UIInterfaceOrientationLandscapeLeft UIInterfaceOrientationLandscapeRight";
				IPHONEOS_DEPLOYMENT_TARGET = 15.0;
				LD_RUNPATH_SEARCH_PATHS = (
					"$(inherited)",
					"@executable_path/Frameworks",
				);
				MARKETING_VERSION = 1.0;
				PRODUCT_BUNDLE_IDENTIFIER = jeonyul.ShinyDay;
				PRODUCT_NAME = "$(TARGET_NAME)";
				SUPPORTED_PLATFORMS = "iphoneos iphonesimulator";
				SUPPORTS_MACCATALYST = NO;
				SUPPORTS_XR_DESIGNED_FOR_IPHONE_IPAD = NO;
				SWIFT_EMIT_LOC_STRINGS = YES;
				SWIFT_VERSION = 5.0;
				TARGETED_DEVICE_FAMILY = "1,2";
			};
			name = Debug;
		};
		ABF07DA32CD843C80077254B /* Release */ = {
			isa = XCBuildConfiguration;
			buildSettings = {
				ASSETCATALOG_COMPILER_APPICON_NAME = AppIcon;
				ASSETCATALOG_COMPILER_GLOBAL_ACCENT_COLOR_NAME = AccentColor;
				CODE_SIGN_STYLE = Automatic;
				CURRENT_PROJECT_VERSION = 1;
				DEVELOPMENT_TEAM = 5KB7H88BWW;
				GENERATE_INFOPLIST_FILE = YES;
				INFOPLIST_FILE = ShinyDay/Info.plist;
				INFOPLIST_KEY_UIApplicationSupportsIndirectInputEvents = YES;
				INFOPLIST_KEY_UILaunchStoryboardName = LaunchScreen;
				INFOPLIST_KEY_UIMainStoryboardFile = Main;
				INFOPLIST_KEY_UIStatusBarStyle = UIStatusBarStyleLightContent;
				INFOPLIST_KEY_UISupportedInterfaceOrientations_iPad = "UIInterfaceOrientationPortrait UIInterfaceOrientationPortraitUpsideDown UIInterfaceOrientationLandscapeLeft UIInterfaceOrientationLandscapeRight";
				INFOPLIST_KEY_UISupportedInterfaceOrientations_iPhone = "UIInterfaceOrientationPortrait UIInterfaceOrientationLandscapeLeft UIInterfaceOrientationLandscapeRight";
				IPHONEOS_DEPLOYMENT_TARGET = 15.0;
				LD_RUNPATH_SEARCH_PATHS = (
					"$(inherited)",
					"@executable_path/Frameworks",
				);
				MARKETING_VERSION = 1.0;
				PRODUCT_BUNDLE_IDENTIFIER = jeonyul.ShinyDay;
				PRODUCT_NAME = "$(TARGET_NAME)";
				SUPPORTED_PLATFORMS = "iphoneos iphonesimulator";
				SUPPORTS_MACCATALYST = NO;
				SUPPORTS_XR_DESIGNED_FOR_IPHONE_IPAD = NO;
				SWIFT_EMIT_LOC_STRINGS = YES;
				SWIFT_VERSION = 5.0;
				TARGETED_DEVICE_FAMILY = "1,2";
			};
			name = Release;
		};
/* End XCBuildConfiguration section */

/* Begin XCConfigurationList section */
		ABF07D882CD843C70077254B /* Build configuration list for PBXProject "ShinyDay" */ = {
			isa = XCConfigurationList;
			buildConfigurations = (
				ABF07D9F2CD843C80077254B /* Debug */,
				ABF07DA02CD843C80077254B /* Release */,
			);
			defaultConfigurationIsVisible = 0;
			defaultConfigurationName = Release;
		};
		ABF07DA12CD843C80077254B /* Build configuration list for PBXNativeTarget "ShinyDay" */ = {
			isa = XCConfigurationList;
			buildConfigurations = (
				ABF07DA22CD843C80077254B /* Debug */,
				ABF07DA32CD843C80077254B /* Release */,
			);
			defaultConfigurationIsVisible = 0;
			defaultConfigurationName = Release;
		};
/* End XCConfigurationList section */
	};
	rootObject = ABF07D852CD843C70077254B /* Project object */;
}
